// !$*UTF8*$!
{
	archiveVersion = 1;
	classes = {
	};
	objectVersion = 46;
	objects = {

/* Begin PBXBuildFile section */
		5216A552190EBD9100D3DFBF /* Contrast.fsh in Resources */ = {isa = PBXBuildFile; fileRef = 5216A551190EBD9100D3DFBF /* Contrast.fsh */; };
		5216A554190EBE2900D3DFBF /* Histogram.fsh in Resources */ = {isa = PBXBuildFile; fileRef = 5216A553190EBE2900D3DFBF /* Histogram.fsh */; };
		52534CD91903046100505CC2 /* OpenGLView.m in Sources */ = {isa = PBXBuildFile; fileRef = 52534CD81903046100505CC2 /* OpenGLView.m */; };
		5AB5A31718F5999700356ED5 /* MainViewController.m in Sources */ = {isa = PBXBuildFile; fileRef = 5AB5A31618F5999700356ED5 /* MainViewController.m */; };
		5AE9A18D18F8485A003D03ED /* test_image.jpg in Resources */ = {isa = PBXBuildFile; fileRef = 5AE9A18C18F8485A003D03ED /* test_image.jpg */; };
		5AE9A18F18F86882003D03ED /* test_image2.jpg in Resources */ = {isa = PBXBuildFile; fileRef = 5AE9A18E18F86882003D03ED /* test_image2.jpg */; };
		5AECF0021906C82600D5F574 /* VideoCapture.m in Sources */ = {isa = PBXBuildFile; fileRef = 5AECF0011906C82600D5F574 /* VideoCapture.m */; };
		5AECF0041906C83B00D5F574 /* AVFoundation.framework in Frameworks */ = {isa = PBXBuildFile; fileRef = 5AECF0031906C83B00D5F574 /* AVFoundation.framework */; };
		5AF69CC418F43FDD0048DF44 /* Foundation.framework in Frameworks */ = {isa = PBXBuildFile; fileRef = 5AF69CC318F43FDD0048DF44 /* Foundation.framework */; };
		5AF69CC618F43FDD0048DF44 /* CoreGraphics.framework in Frameworks */ = {isa = PBXBuildFile; fileRef = 5AF69CC518F43FDD0048DF44 /* CoreGraphics.framework */; };
		5AF69CC818F43FDD0048DF44 /* UIKit.framework in Frameworks */ = {isa = PBXBuildFile; fileRef = 5AF69CC718F43FDD0048DF44 /* UIKit.framework */; };
		5AF69CCE18F43FDD0048DF44 /* InfoPlist.strings in Resources */ = {isa = PBXBuildFile; fileRef = 5AF69CCC18F43FDD0048DF44 /* InfoPlist.strings */; };
		5AF69CD018F43FDD0048DF44 /* main.m in Sources */ = {isa = PBXBuildFile; fileRef = 5AF69CCF18F43FDD0048DF44 /* main.m */; };
		5AF69CD418F43FDD0048DF44 /* AppDelegate.m in Sources */ = {isa = PBXBuildFile; fileRef = 5AF69CD318F43FDD0048DF44 /* AppDelegate.m */; };
		5AF69CD618F43FDD0048DF44 /* Images.xcassets in Resources */ = {isa = PBXBuildFile; fileRef = 5AF69CD518F43FDD0048DF44 /* Images.xcassets */; };
		5AF69CDD18F43FDD0048DF44 /* XCTest.framework in Frameworks */ = {isa = PBXBuildFile; fileRef = 5AF69CDC18F43FDD0048DF44 /* XCTest.framework */; };
		5AF69CDE18F43FDD0048DF44 /* Foundation.framework in Frameworks */ = {isa = PBXBuildFile; fileRef = 5AF69CC318F43FDD0048DF44 /* Foundation.framework */; };
		5AF69CDF18F43FDD0048DF44 /* UIKit.framework in Frameworks */ = {isa = PBXBuildFile; fileRef = 5AF69CC718F43FDD0048DF44 /* UIKit.framework */; };
		5AF69CF318F443E10048DF44 /* MainStoryboard.storyboard in Resources */ = {isa = PBXBuildFile; fileRef = 5AF69CF218F443E10048DF44 /* MainStoryboard.storyboard */; };
		5AF69D3918F45F460048DF44 /* GLKit.framework in Frameworks */ = {isa = PBXBuildFile; fileRef = 5AF69D3818F45F460048DF44 /* GLKit.framework */; };
		5AF69D3B18F45F530048DF44 /* OpenGLES.framework in Frameworks */ = {isa = PBXBuildFile; fileRef = 5AF69D3A18F45F530048DF44 /* OpenGLES.framework */; };
		5AFFDEC418FEE2460090D0FD /* Default.vsh in Resources */ = {isa = PBXBuildFile; fileRef = 5AFFDEC318FEE2460090D0FD /* Default.vsh */; };
		5AFFDEC718FEE6140090D0FD /* Default.fsh in Resources */ = {isa = PBXBuildFile; fileRef = 5AFFDEC218FECA610090D0FD /* Default.fsh */; };
/* End PBXBuildFile section */

/* Begin PBXContainerItemProxy section */
		5AF69CE018F43FDD0048DF44 /* PBXContainerItemProxy */ = {
			isa = PBXContainerItemProxy;
			containerPortal = 5AF69CB818F43FDC0048DF44 /* Project object */;
			proxyType = 1;
			remoteGlobalIDString = 5AF69CBF18F43FDD0048DF44;
			remoteInfo = Photogun;
		};
/* End PBXContainerItemProxy section */

/* Begin PBXFileReference section */
		5216A551190EBD9100D3DFBF /* Contrast.fsh */ = {isa = PBXFileReference; explicitFileType = sourcecode.glsl; fileEncoding = 4; path = Contrast.fsh; sourceTree = "<group>"; };
		5216A553190EBE2900D3DFBF /* Histogram.fsh */ = {isa = PBXFileReference; explicitFileType = sourcecode.glsl; fileEncoding = 4; path = Histogram.fsh; sourceTree = "<group>"; };
		52534CD71903046100505CC2 /* OpenGLView.h */ = {isa = PBXFileReference; fileEncoding = 4; lastKnownFileType = sourcecode.c.h; path = OpenGLView.h; sourceTree = "<group>"; };
		52534CD81903046100505CC2 /* OpenGLView.m */ = {isa = PBXFileReference; fileEncoding = 4; lastKnownFileType = sourcecode.c.objc; path = OpenGLView.m; sourceTree = "<group>"; };
		5AB5A31518F5999700356ED5 /* MainViewController.h */ = {isa = PBXFileReference; fileEncoding = 4; lastKnownFileType = sourcecode.c.h; path = MainViewController.h; sourceTree = "<group>"; };
		5AB5A31618F5999700356ED5 /* MainViewController.m */ = {isa = PBXFileReference; fileEncoding = 4; lastKnownFileType = sourcecode.c.objc; path = MainViewController.m; sourceTree = "<group>"; };
		5AE9A18C18F8485A003D03ED /* test_image.jpg */ = {isa = PBXFileReference; lastKnownFileType = image.jpeg; path = test_image.jpg; sourceTree = "<group>"; };
		5AE9A18E18F86882003D03ED /* test_image2.jpg */ = {isa = PBXFileReference; lastKnownFileType = image.jpeg; path = test_image2.jpg; sourceTree = "<group>"; };
		5AECF0001906C82600D5F574 /* VideoCapture.h */ = {isa = PBXFileReference; fileEncoding = 4; lastKnownFileType = sourcecode.c.h; path = VideoCapture.h; sourceTree = "<group>"; };
		5AECF0011906C82600D5F574 /* VideoCapture.m */ = {isa = PBXFileReference; fileEncoding = 4; lastKnownFileType = sourcecode.c.objc; path = VideoCapture.m; sourceTree = "<group>"; };
		5AECF0031906C83B00D5F574 /* AVFoundation.framework */ = {isa = PBXFileReference; lastKnownFileType = wrapper.framework; name = AVFoundation.framework; path = System/Library/Frameworks/AVFoundation.framework; sourceTree = SDKROOT; };
		5AF69CC018F43FDD0048DF44 /* Photogun.app */ = {isa = PBXFileReference; explicitFileType = wrapper.application; includeInIndex = 0; path = Photogun.app; sourceTree = BUILT_PRODUCTS_DIR; };
		5AF69CC318F43FDD0048DF44 /* Foundation.framework */ = {isa = PBXFileReference; lastKnownFileType = wrapper.framework; name = Foundation.framework; path = System/Library/Frameworks/Foundation.framework; sourceTree = SDKROOT; };
		5AF69CC518F43FDD0048DF44 /* CoreGraphics.framework */ = {isa = PBXFileReference; lastKnownFileType = wrapper.framework; name = CoreGraphics.framework; path = System/Library/Frameworks/CoreGraphics.framework; sourceTree = SDKROOT; };
		5AF69CC718F43FDD0048DF44 /* UIKit.framework */ = {isa = PBXFileReference; lastKnownFileType = wrapper.framework; name = UIKit.framework; path = System/Library/Frameworks/UIKit.framework; sourceTree = SDKROOT; };
		5AF69CCB18F43FDD0048DF44 /* Photogun-Info.plist */ = {isa = PBXFileReference; lastKnownFileType = text.plist.xml; path = "Photogun-Info.plist"; sourceTree = "<group>"; };
		5AF69CCD18F43FDD0048DF44 /* en */ = {isa = PBXFileReference; lastKnownFileType = text.plist.strings; name = en; path = en.lproj/InfoPlist.strings; sourceTree = "<group>"; };
		5AF69CCF18F43FDD0048DF44 /* main.m */ = {isa = PBXFileReference; lastKnownFileType = sourcecode.c.objc; path = main.m; sourceTree = "<group>"; };
		5AF69CD118F43FDD0048DF44 /* Photogun-Prefix.pch */ = {isa = PBXFileReference; lastKnownFileType = sourcecode.c.h; path = "Photogun-Prefix.pch"; sourceTree = "<group>"; };
		5AF69CD218F43FDD0048DF44 /* AppDelegate.h */ = {isa = PBXFileReference; lastKnownFileType = sourcecode.c.h; path = AppDelegate.h; sourceTree = "<group>"; };
		5AF69CD318F43FDD0048DF44 /* AppDelegate.m */ = {isa = PBXFileReference; lastKnownFileType = sourcecode.c.objc; path = AppDelegate.m; sourceTree = "<group>"; };
		5AF69CD518F43FDD0048DF44 /* Images.xcassets */ = {isa = PBXFileReference; lastKnownFileType = folder.assetcatalog; path = Images.xcassets; sourceTree = "<group>"; };
		5AF69CDB18F43FDD0048DF44 /* PhotogunTests.xctest */ = {isa = PBXFileReference; explicitFileType = wrapper.cfbundle; includeInIndex = 0; path = PhotogunTests.xctest; sourceTree = BUILT_PRODUCTS_DIR; };
		5AF69CDC18F43FDD0048DF44 /* XCTest.framework */ = {isa = PBXFileReference; lastKnownFileType = wrapper.framework; name = XCTest.framework; path = Library/Frameworks/XCTest.framework; sourceTree = DEVELOPER_DIR; };
		5AF69CF218F443E10048DF44 /* MainStoryboard.storyboard */ = {isa = PBXFileReference; fileEncoding = 4; lastKnownFileType = file.storyboard; path = MainStoryboard.storyboard; sourceTree = "<group>"; };
		5AF69D3818F45F460048DF44 /* GLKit.framework */ = {isa = PBXFileReference; lastKnownFileType = wrapper.framework; name = GLKit.framework; path = System/Library/Frameworks/GLKit.framework; sourceTree = SDKROOT; };
		5AF69D3A18F45F530048DF44 /* OpenGLES.framework */ = {isa = PBXFileReference; lastKnownFileType = wrapper.framework; name = OpenGLES.framework; path = System/Library/Frameworks/OpenGLES.framework; sourceTree = SDKROOT; };
		5AFFDEC218FECA610090D0FD /* Default.fsh */ = {isa = PBXFileReference; explicitFileType = sourcecode.glsl; fileEncoding = 4; name = Default.fsh; path = Shaders/Default.fsh; sourceTree = "<group>"; };
		5AFFDEC318FEE2460090D0FD /* Default.vsh */ = {isa = PBXFileReference; explicitFileType = sourcecode.glsl; fileEncoding = 4; path = Default.vsh; sourceTree = "<group>"; };
/* End PBXFileReference section */

/* Begin PBXFrameworksBuildPhase section */
		5AF69CBD18F43FDD0048DF44 /* Frameworks */ = {
			isa = PBXFrameworksBuildPhase;
			buildActionMask = 2147483647;
			files = (
				5AECF0041906C83B00D5F574 /* AVFoundation.framework in Frameworks */,
				5AF69D3B18F45F530048DF44 /* OpenGLES.framework in Frameworks */,
				5AF69D3918F45F460048DF44 /* GLKit.framework in Frameworks */,
				5AF69CC618F43FDD0048DF44 /* CoreGraphics.framework in Frameworks */,
				5AF69CC818F43FDD0048DF44 /* UIKit.framework in Frameworks */,
				5AF69CC418F43FDD0048DF44 /* Foundation.framework in Frameworks */,
			);
			runOnlyForDeploymentPostprocessing = 0;
		};
		5AF69CD818F43FDD0048DF44 /* Frameworks */ = {
			isa = PBXFrameworksBuildPhase;
			buildActionMask = 2147483647;
			files = (
				5AF69CDD18F43FDD0048DF44 /* XCTest.framework in Frameworks */,
				5AF69CDF18F43FDD0048DF44 /* UIKit.framework in Frameworks */,
				5AF69CDE18F43FDD0048DF44 /* Foundation.framework in Frameworks */,
			);
			runOnlyForDeploymentPostprocessing = 0;
		};
/* End PBXFrameworksBuildPhase section */

/* Begin PBXGroup section */
		5AF69CB718F43FDC0048DF44 = {
			isa = PBXGroup;
			children = (
				5AF69CC918F43FDD0048DF44 /* Photogun */,
				5AF69CC218F43FDD0048DF44 /* Frameworks */,
				5AF69CC118F43FDD0048DF44 /* Products */,
			);
			sourceTree = "<group>";
		};
		5AF69CC118F43FDD0048DF44 /* Products */ = {
			isa = PBXGroup;
			children = (
				5AF69CC018F43FDD0048DF44 /* Photogun.app */,
				5AF69CDB18F43FDD0048DF44 /* PhotogunTests.xctest */,
			);
			name = Products;
			sourceTree = "<group>";
		};
		5AF69CC218F43FDD0048DF44 /* Frameworks */ = {
			isa = PBXGroup;
			children = (
				5AECF0031906C83B00D5F574 /* AVFoundation.framework */,
				5AF69D3A18F45F530048DF44 /* OpenGLES.framework */,
				5AF69D3818F45F460048DF44 /* GLKit.framework */,
				5AF69CC318F43FDD0048DF44 /* Foundation.framework */,
				5AF69CC518F43FDD0048DF44 /* CoreGraphics.framework */,
				5AF69CC718F43FDD0048DF44 /* UIKit.framework */,
				5AF69CDC18F43FDD0048DF44 /* XCTest.framework */,
			);
			name = Frameworks;
			sourceTree = "<group>";
		};
		5AF69CC918F43FDD0048DF44 /* Photogun */ = {
			isa = PBXGroup;
			children = (
				52534CD71903046100505CC2 /* OpenGLView.h */,
				52534CD81903046100505CC2 /* OpenGLView.m */,
				5AFFDEBF18FEC9E30090D0FD /* Shaders */,
				5AF69CCA18F43FDD0048DF44 /* Supporting Files */,
				5AF69CD218F43FDD0048DF44 /* AppDelegate.h */,
				5AF69CD318F43FDD0048DF44 /* AppDelegate.m */,
				5AF69CF218F443E10048DF44 /* MainStoryboard.storyboard */,
				5AB5A31518F5999700356ED5 /* MainViewController.h */,
				5AB5A31618F5999700356ED5 /* MainViewController.m */,
				5AECF0001906C82600D5F574 /* VideoCapture.h */,
				5AECF0011906C82600D5F574 /* VideoCapture.m */,
			);
			path = Photogun;
			sourceTree = "<group>";
		};
		5AF69CCA18F43FDD0048DF44 /* Supporting Files */ = {
			isa = PBXGroup;
			children = (
				5AF69CD518F43FDD0048DF44 /* Images.xcassets */,
				5AF69CCB18F43FDD0048DF44 /* Photogun-Info.plist */,
				5AF69CCC18F43FDD0048DF44 /* InfoPlist.strings */,
				5AF69CCF18F43FDD0048DF44 /* main.m */,
				5AF69CD118F43FDD0048DF44 /* Photogun-Prefix.pch */,
				5AE9A18C18F8485A003D03ED /* test_image.jpg */,
				5AE9A18E18F86882003D03ED /* test_image2.jpg */,
			);
			name = "Supporting Files";
			sourceTree = "<group>";
		};
		5AFFDEBF18FEC9E30090D0FD /* Shaders */ = {
			isa = PBXGroup;
			children = (
				5AFFDEC318FEE2460090D0FD /* Default.vsh */,
				5AFFDEC218FECA610090D0FD /* Default.fsh */,
				5216A551190EBD9100D3DFBF /* Contrast.fsh */,
				5216A553190EBE2900D3DFBF /* Histogram.fsh */,
			);
			name = Shaders;
			sourceTree = "<group>";
		};
/* End PBXGroup section */

/* Begin PBXNativeTarget section */
		5AF69CBF18F43FDD0048DF44 /* Photogun */ = {
			isa = PBXNativeTarget;
			buildConfigurationList = 5AF69CEC18F43FDD0048DF44 /* Build configuration list for PBXNativeTarget "Photogun" */;
			buildPhases = (
				5AF69CBC18F43FDD0048DF44 /* Sources */,
				5AF69CBD18F43FDD0048DF44 /* Frameworks */,
				5AF69CBE18F43FDD0048DF44 /* Resources */,
			);
			buildRules = (
			);
			dependencies = (
			);
			name = Photogun;
			productName = Photogun;
			productReference = 5AF69CC018F43FDD0048DF44 /* Photogun.app */;
			productType = "com.apple.product-type.application";
		};
		5AF69CDA18F43FDD0048DF44 /* PhotogunTests */ = {
			isa = PBXNativeTarget;
			buildConfigurationList = 5AF69CEF18F43FDD0048DF44 /* Build configuration list for PBXNativeTarget "PhotogunTests" */;
			buildPhases = (
				5AF69CD718F43FDD0048DF44 /* Sources */,
				5AF69CD818F43FDD0048DF44 /* Frameworks */,
				5AF69CD918F43FDD0048DF44 /* Resources */,
			);
			buildRules = (
			);
			dependencies = (
				5AF69CE118F43FDD0048DF44 /* PBXTargetDependency */,
			);
			name = PhotogunTests;
			productName = PhotogunTests;
			productReference = 5AF69CDB18F43FDD0048DF44 /* PhotogunTests.xctest */;
			productType = "com.apple.product-type.bundle.unit-test";
		};
/* End PBXNativeTarget section */

/* Begin PBXProject section */
		5AF69CB818F43FDC0048DF44 /* Project object */ = {
			isa = PBXProject;
			attributes = {
				LastUpgradeCheck = 0510;
				ORGANIZATIONNAME = "Vitaly Kolesnikov";
				TargetAttributes = {
					5AF69CBF18F43FDD0048DF44 = {
						DevelopmentTeam = 2TVA97E8TF;
					};
					5AF69CDA18F43FDD0048DF44 = {
						TestTargetID = 5AF69CBF18F43FDD0048DF44;
					};
				};
			};
			buildConfigurationList = 5AF69CBB18F43FDD0048DF44 /* Build configuration list for PBXProject "Photogun" */;
			compatibilityVersion = "Xcode 3.2";
			developmentRegion = English;
			hasScannedForEncodings = 0;
			knownRegions = (
				en,
			);
			mainGroup = 5AF69CB718F43FDC0048DF44;
			productRefGroup = 5AF69CC118F43FDD0048DF44 /* Products */;
			projectDirPath = "";
			projectRoot = "";
			targets = (
				5AF69CBF18F43FDD0048DF44 /* Photogun */,
				5AF69CDA18F43FDD0048DF44 /* PhotogunTests */,
			);
		};
/* End PBXProject section */

/* Begin PBXResourcesBuildPhase section */
		5AF69CBE18F43FDD0048DF44 /* Resources */ = {
			isa = PBXResourcesBuildPhase;
			buildActionMask = 2147483647;
			files = (
				5AE9A18F18F86882003D03ED /* test_image2.jpg in Resources */,
				5216A552190EBD9100D3DFBF /* Contrast.fsh in Resources */,
				5AFFDEC418FEE2460090D0FD /* Default.vsh in Resources */,
				5AF69CCE18F43FDD0048DF44 /* InfoPlist.strings in Resources */,
				5AF69CD618F43FDD0048DF44 /* Images.xcassets in Resources */,
				5AFFDEC718FEE6140090D0FD /* Default.fsh in Resources */,
				5216A554190EBE2900D3DFBF /* Histogram.fsh in Resources */,
				5AF69CF318F443E10048DF44 /* MainStoryboard.storyboard in Resources */,
				5AE9A18D18F8485A003D03ED /* test_image.jpg in Resources */,
			);
			runOnlyForDeploymentPostprocessing = 0;
		};
		5AF69CD918F43FDD0048DF44 /* Resources */ = {
			isa = PBXResourcesBuildPhase;
			buildActionMask = 2147483647;
			files = (
			);
			runOnlyForDeploymentPostprocessing = 0;
		};
/* End PBXResourcesBuildPhase section */

/* Begin PBXSourcesBuildPhase section */
		5AF69CBC18F43FDD0048DF44 /* Sources */ = {
			isa = PBXSourcesBuildPhase;
			buildActionMask = 2147483647;
			files = (
				5AECF0021906C82600D5F574 /* VideoCapture.m in Sources */,
				5AF69CD418F43FDD0048DF44 /* AppDelegate.m in Sources */,
				5AB5A31718F5999700356ED5 /* MainViewController.m in Sources */,
				5AF69CD018F43FDD0048DF44 /* main.m in Sources */,
				52534CD91903046100505CC2 /* OpenGLView.m in Sources */,
			);
			runOnlyForDeploymentPostprocessing = 0;
		};
		5AF69CD718F43FDD0048DF44 /* Sources */ = {
			isa = PBXSourcesBuildPhase;
			buildActionMask = 2147483647;
			files = (
			);
			runOnlyForDeploymentPostprocessing = 0;
		};
/* End PBXSourcesBuildPhase section */

/* Begin PBXTargetDependency section */
		5AF69CE118F43FDD0048DF44 /* PBXTargetDependency */ = {
			isa = PBXTargetDependency;
			target = 5AF69CBF18F43FDD0048DF44 /* Photogun */;
			targetProxy = 5AF69CE018F43FDD0048DF44 /* PBXContainerItemProxy */;
		};
/* End PBXTargetDependency section */

/* Begin PBXVariantGroup section */
		5AF69CCC18F43FDD0048DF44 /* InfoPlist.strings */ = {
			isa = PBXVariantGroup;
			children = (
				5AF69CCD18F43FDD0048DF44 /* en */,
			);
			name = InfoPlist.strings;
			sourceTree = "<group>";
		};
/* End PBXVariantGroup section */

/* Begin XCBuildConfiguration section */
		5AF69CEA18F43FDD0048DF44 /* Debug */ = {
			isa = XCBuildConfiguration;
			buildSettings = {
				ALWAYS_SEARCH_USER_PATHS = NO;
				CLANG_CXX_LANGUAGE_STANDARD = "gnu++0x";
				CLANG_CXX_LIBRARY = "libc++";
				CLANG_ENABLE_MODULES = YES;
				CLANG_ENABLE_OBJC_ARC = YES;
				CLANG_WARN_BOOL_CONVERSION = YES;
				CLANG_WARN_CONSTANT_CONVERSION = YES;
				CLANG_WARN_DIRECT_OBJC_ISA_USAGE = YES_ERROR;
				CLANG_WARN_EMPTY_BODY = YES;
				CLANG_WARN_ENUM_CONVERSION = YES;
				CLANG_WARN_INT_CONVERSION = YES;
				CLANG_WARN_OBJC_ROOT_CLASS = YES_ERROR;
				CLANG_WARN__DUPLICATE_METHOD_MATCH = YES;
				"CODE_SIGN_IDENTITY[sdk=iphoneos*]" = "iPhone Developer";
				COPY_PHASE_STRIP = NO;
				GCC_C_LANGUAGE_STANDARD = gnu99;
				GCC_DYNAMIC_NO_PIC = NO;
				GCC_OPTIMIZATION_LEVEL = 0;
				GCC_PREPROCESSOR_DEFINITIONS = (
					"DEBUG=1",
					"$(inherited)",
				);
				GCC_SYMBOLS_PRIVATE_EXTERN = NO;
				GCC_WARN_64_TO_32_BIT_CONVERSION = YES;
				GCC_WARN_ABOUT_RETURN_TYPE = YES_ERROR;
				GCC_WARN_UNDECLARED_SELECTOR = YES;
				GCC_WARN_UNINITIALIZED_AUTOS = YES_AGGRESSIVE;
				GCC_WARN_UNUSED_FUNCTION = YES;
				GCC_WARN_UNUSED_VARIABLE = YES;
				IPHONEOS_DEPLOYMENT_TARGET = 7.1;
				ONLY_ACTIVE_ARCH = YES;
				SDKROOT = iphoneos;
			};
			name = Debug;
		};
		5AF69CEB18F43FDD0048DF44 /* Release */ = {
			isa = XCBuildConfiguration;
			buildSettings = {
				ALWAYS_SEARCH_USER_PATHS = NO;
				CLANG_CXX_LANGUAGE_STANDARD = "gnu++0x";
				CLANG_CXX_LIBRARY = "libc++";
				CLANG_ENABLE_MODULES = YES;
				CLANG_ENABLE_OBJC_ARC = YES;
				CLANG_WARN_BOOL_CONVERSION = YES;
				CLANG_WARN_CONSTANT_CONVERSION = YES;
				CLANG_WARN_DIRECT_OBJC_ISA_USAGE = YES_ERROR;
				CLANG_WARN_EMPTY_BODY = YES;
				CLANG_WARN_ENUM_CONVERSION = YES;
				CLANG_WARN_INT_CONVERSION = YES;
				CLANG_WARN_OBJC_ROOT_CLASS = YES_ERROR;
				CLANG_WARN__DUPLICATE_METHOD_MATCH = YES;
				"CODE_SIGN_IDENTITY[sdk=iphoneos*]" = "iPhone Developer";
				COPY_PHASE_STRIP = YES;
				ENABLE_NS_ASSERTIONS = NO;
				GCC_C_LANGUAGE_STANDARD = gnu99;
				GCC_WARN_64_TO_32_BIT_CONVERSION = YES;
				GCC_WARN_ABOUT_RETURN_TYPE = YES_ERROR;
				GCC_WARN_UNDECLARED_SELECTOR = YES;
				GCC_WARN_UNINITIALIZED_AUTOS = YES_AGGRESSIVE;
				GCC_WARN_UNUSED_FUNCTION = YES;
				GCC_WARN_UNUSED_VARIABLE = YES;
				IPHONEOS_DEPLOYMENT_TARGET = 7.1;
				SDKROOT = iphoneos;
				VALIDATE_PRODUCT = YES;
			};
			name = Release;
		};
		5AF69CED18F43FDD0048DF44 /* Debug */ = {
			isa = XCBuildConfiguration;
			buildSettings = {
				ASSETCATALOG_COMPILER_APPICON_NAME = AppIcon;
				ASSETCATALOG_COMPILER_LAUNCHIMAGE_NAME = LaunchImage;
				CODE_SIGN_IDENTITY = "iPhone Developer";
				"CODE_SIGN_IDENTITY[sdk=iphoneos*]" = "iPhone Developer";
				GCC_PRECOMPILE_PREFIX_HEADER = YES;
				GCC_PREFIX_HEADER = "Photogun/Photogun-Prefix.pch";
				INFOPLIST_FILE = "Photogun/Photogun-Info.plist";
				PRODUCT_NAME = "$(TARGET_NAME)";
				PROVISIONING_PROFILE = "";
				WRAPPER_EXTENSION = app;
			};
			name = Debug;
		};
		5AF69CEE18F43FDD0048DF44 /* Release */ = {
			isa = XCBuildConfiguration;
			buildSettings = {
				ASSETCATALOG_COMPILER_APPICON_NAME = AppIcon;
				ASSETCATALOG_COMPILER_LAUNCHIMAGE_NAME = LaunchImage;
				CODE_SIGN_IDENTITY = "iPhone Developer";
				"CODE_SIGN_IDENTITY[sdk=iphoneos*]" = "iPhone Developer";
				GCC_PRECOMPILE_PREFIX_HEADER = YES;
				GCC_PREFIX_HEADER = "Photogun/Photogun-Prefix.pch";
				INFOPLIST_FILE = "Photogun/Photogun-Info.plist";
				PRODUCT_NAME = "$(TARGET_NAME)";
				PROVISIONING_PROFILE = "";
				WRAPPER_EXTENSION = app;
			};
			name = Release;
		};
		5AF69CF018F43FDD0048DF44 /* Debug */ = {
			isa = XCBuildConfiguration;
			buildSettings = {
				BUNDLE_LOADER = "$(BUILT_PRODUCTS_DIR)/Photogun.app/Photogun";
				FRAMEWORK_SEARCH_PATHS = (
					"$(SDKROOT)/Developer/Library/Frameworks",
					"$(inherited)",
					"$(DEVELOPER_FRAMEWORKS_DIR)",
				);
				GCC_PRECOMPILE_PREFIX_HEADER = YES;
				GCC_PREFIX_HEADER = "Photogun/Photogun-Prefix.pch";
				GCC_PREPROCESSOR_DEFINITIONS = (
					"DEBUG=1",
					"$(inherited)",
				);
				INFOPLIST_FILE = "PhotogunTests/PhotogunTests-Info.plist";
				PRODUCT_NAME = "$(TARGET_NAME)";
				TEST_HOST = "$(BUNDLE_LOADER)";
				WRAPPER_EXTENSION = xctest;
			};
			name = Debug;
		};
		5AF69CF118F43FDD0048DF44 /* Release */ = {
			isa = XCBuildConfiguration;
			buildSettings = {
				BUNDLE_LOADER = "$(BUILT_PRODUCTS_DIR)/Photogun.app/Photogun";
				FRAMEWORK_SEARCH_PATHS = (
					"$(SDKROOT)/Developer/Library/Frameworks",
					"$(inherited)",
					"$(DEVELOPER_FRAMEWORKS_DIR)",
				);
				GCC_PRECOMPILE_PREFIX_HEADER = YES;
				GCC_PREFIX_HEADER = "Photogun/Photogun-Prefix.pch";
				INFOPLIST_FILE = "PhotogunTests/PhotogunTests-Info.plist";
				PRODUCT_NAME = "$(TARGET_NAME)";
				TEST_HOST = "$(BUNDLE_LOADER)";
				WRAPPER_EXTENSION = xctest;
			};
			name = Release;
		};
/* End XCBuildConfiguration section */

/* Begin XCConfigurationList section */
		5AF69CBB18F43FDD0048DF44 /* Build configuration list for PBXProject "Photogun" */ = {
			isa = XCConfigurationList;
			buildConfigurations = (
				5AF69CEA18F43FDD0048DF44 /* Debug */,
				5AF69CEB18F43FDD0048DF44 /* Release */,
			);
			defaultConfigurationIsVisible = 0;
			defaultConfigurationName = Release;
		};
		5AF69CEC18F43FDD0048DF44 /* Build configuration list for PBXNativeTarget "Photogun" */ = {
			isa = XCConfigurationList;
			buildConfigurations = (
				5AF69CED18F43FDD0048DF44 /* Debug */,
				5AF69CEE18F43FDD0048DF44 /* Release */,
			);
			defaultConfigurationIsVisible = 0;
			defaultConfigurationName = Release;
		};
		5AF69CEF18F43FDD0048DF44 /* Build configuration list for PBXNativeTarget "PhotogunTests" */ = {
			isa = XCConfigurationList;
			buildConfigurations = (
				5AF69CF018F43FDD0048DF44 /* Debug */,
				5AF69CF118F43FDD0048DF44 /* Release */,
			);
			defaultConfigurationIsVisible = 0;
			defaultConfigurationName = Release;
		};
/* End XCConfigurationList section */
	};
	rootObject = 5AF69CB818F43FDC0048DF44 /* Project object */;
}
